
Microsoft Visual Studio Solution File, Format Version 12.00
# Visual Studio Version 16
VisualStudioVersion = 16.0.31313.79
MinimumVisualStudioVersion = 10.0.40219.1
Project("{FAE04EC0-301F-11D3-BF4B-00C04F79EFBC}") = "BGS_Interpreter", "BGS_Interpreter\BGS_Interpreter.csproj", "{2C4145A4-7542-4606-9D57-32A09392F0D7}"
EndProject
Global
	GlobalSection(SolutionConfigurationPlatforms) = preSolution
		Debug|Any CPU = Debug|Any CPU
		Release|Any CPU = Release|Any CPU
	EndGlobalSection
	GlobalSection(ProjectConfigurationPlatforms) = postSolution
		{2C4145A4-7542-4606-9D57-32A09392F0D7}.Debug|Any CPU.ActiveCfg = Debug|Any CPU
		{2C4145A4-7542-4606-9D57-32A09392F0D7}.Debug|Any CPU.Build.0 = Debug|Any CPU
		{2C4145A4-7542-4606-9D57-32A09392F0D7}.Release|Any CPU.ActiveCfg = Release|Any CPU
		{2C4145A4-7542-4606-9D57-32A09392F0D7}.Release|Any CPU.Build.0 = Release|Any CPU
	EndGlobalSection
	GlobalSection(SolutionProperties) = preSolution
		HideSolutionNode = FALSE
	EndGlobalSection
	GlobalSection(ExtensibilityGlobals) = postSolution
		SolutionGuid = {18D055BE-357A-4EE6-8F0F-B2FBAF956939}
	EndGlobalSection
EndGlobal
